
Microsoft Visual Studio Solution File, Format Version 12.00
# Visual Studio 15
VisualStudioVersion = 15.0.28307.1062
MinimumVisualStudioVersion = 10.0.40219.1
Project("{FAE04EC0-301F-11D3-BF4B-00C04F79EFBC}") = "DAN_LV_Kristina_Garcia_Francisco", "DAN_LV_Kristina_Garcia_Francisco\DAN_LV_Kristina_Garcia_Francisco.csproj", "{99E414A6-AC4D-419D-A7B5-E39E9EDCF0A6}"
EndProject
Global
	GlobalSection(SolutionConfigurationPlatforms) = preSolution
		Debug|Any CPU = Debug|Any CPU
		Release|Any CPU = Release|Any CPU
	EndGlobalSection
	GlobalSection(ProjectConfigurationPlatforms) = postSolution
		{99E414A6-AC4D-419D-A7B5-E39E9EDCF0A6}.Debug|Any CPU.ActiveCfg = Debug|Any CPU
		{99E414A6-AC4D-419D-A7B5-E39E9EDCF0A6}.Debug|Any CPU.Build.0 = Debug|Any CPU
		{99E414A6-AC4D-419D-A7B5-E39E9EDCF0A6}.Release|Any CPU.ActiveCfg = Release|Any CPU
		{99E414A6-AC4D-419D-A7B5-E39E9EDCF0A6}.Release|Any CPU.Build.0 = Release|Any CPU
	EndGlobalSection
	GlobalSection(SolutionProperties) = preSolution
		HideSolutionNode = FALSE
	EndGlobalSection
	GlobalSection(ExtensibilityGlobals) = postSolution
		SolutionGuid = {F8FA7674-15BE-4B00-9CB6-5DB9FFB5633A}
	EndGlobalSection
EndGlobal
